// !$*UTF8*$!
{
	archiveVersion = 1;
	classes = {
	};
	objectVersion = 46;
	objects = {

/* Begin PBXBuildFile section */
		9539D6481F27322700D0F8C4 /* Alamofire.framework in Frameworks */ = {isa = PBXBuildFile; fileRef = 95CF92431F27276D00E71892 /* Alamofire.framework */; };
		9539D6491F27322700D0F8C4 /* Alamofire.framework in Embed Frameworks */ = {isa = PBXBuildFile; fileRef = 95CF92431F27276D00E71892 /* Alamofire.framework */; settings = {ATTRIBUTES = (CodeSignOnCopy, RemoveHeadersOnCopy, ); }; };
		9539D64A1F27322700D0F8C4 /* SwiftyJSON.framework in Frameworks */ = {isa = PBXBuildFile; fileRef = 95CF92451F27276D00E71892 /* SwiftyJSON.framework */; };
		9539D64B1F27322700D0F8C4 /* SwiftyJSON.framework in Embed Frameworks */ = {isa = PBXBuildFile; fileRef = 95CF92451F27276D00E71892 /* SwiftyJSON.framework */; settings = {ATTRIBUTES = (CodeSignOnCopy, RemoveHeadersOnCopy, ); }; };
		9539D64D1F27325400D0F8C4 /* MBProgressHUD.framework in Frameworks */ = {isa = PBXBuildFile; fileRef = 95CF924D1F2728F300E71892 /* MBProgressHUD.framework */; };
		9539D64E1F27325400D0F8C4 /* MBProgressHUD.framework in Embed Frameworks */ = {isa = PBXBuildFile; fileRef = 95CF924D1F2728F300E71892 /* MBProgressHUD.framework */; settings = {ATTRIBUTES = (CodeSignOnCopy, RemoveHeadersOnCopy, ); }; };
		9539D64F1F27325400D0F8C4 /* IQKeyboardManagerSwift.framework in Frameworks */ = {isa = PBXBuildFile; fileRef = 95CF92441F27276D00E71892 /* IQKeyboardManagerSwift.framework */; };
		9539D6501F27325400D0F8C4 /* IQKeyboardManagerSwift.framework in Embed Frameworks */ = {isa = PBXBuildFile; fileRef = 95CF92441F27276D00E71892 /* IQKeyboardManagerSwift.framework */; settings = {ATTRIBUTES = (CodeSignOnCopy, RemoveHeadersOnCopy, ); }; };
		9549B77B1F2AE34000B4BE83 /* lottery.storyboard in Resources */ = {isa = PBXBuildFile; fileRef = 9549B77A1F2AE34000B4BE83 /* lottery.storyboard */; };
		9549B77D1F2AE34D00B4BE83 /* personal.storyboard in Resources */ = {isa = PBXBuildFile; fileRef = 9549B77C1F2AE34D00B4BE83 /* personal.storyboard */; };
		956E0A6F1F2C393D00E65DF0 /* LotteryInfo.swift in Sources */ = {isa = PBXBuildFile; fileRef = 956E0A6E1F2C393D00E65DF0 /* LotteryInfo.swift */; };
		956E0A741F2C39B300E65DF0 /* LotteryAddViewController.swift in Sources */ = {isa = PBXBuildFile; fileRef = 956E0A701F2C39B300E65DF0 /* LotteryAddViewController.swift */; };
		956E0A751F2C39B300E65DF0 /* LotteryDetailViewController.swift in Sources */ = {isa = PBXBuildFile; fileRef = 956E0A711F2C39B300E65DF0 /* LotteryDetailViewController.swift */; };
		956E0A761F2C39B300E65DF0 /* LotteryMainViewController.swift in Sources */ = {isa = PBXBuildFile; fileRef = 956E0A721F2C39B300E65DF0 /* LotteryMainViewController.swift */; };
		956E0A771F2C39B300E65DF0 /* LotteryScanViewController.swift in Sources */ = {isa = PBXBuildFile; fileRef = 956E0A731F2C39B300E65DF0 /* LotteryScanViewController.swift */; };
		956E0A7C1F2C39C100E65DF0 /* LotteryListMainViewController.swift in Sources */ = {isa = PBXBuildFile; fileRef = 956E0A781F2C39C100E65DF0 /* LotteryListMainViewController.swift */; };
		956E0A7D1F2C39C100E65DF0 /* LotteryListViewController.swift in Sources */ = {isa = PBXBuildFile; fileRef = 956E0A791F2C39C100E65DF0 /* LotteryListViewController.swift */; };
		956E0A7E1F2C39C100E65DF0 /* PersonalMainViewController.swift in Sources */ = {isa = PBXBuildFile; fileRef = 956E0A7A1F2C39C100E65DF0 /* PersonalMainViewController.swift */; };
		956E0A7F1F2C39C100E65DF0 /* SettingsViewController.swift in Sources */ = {isa = PBXBuildFile; fileRef = 956E0A7B1F2C39C100E65DF0 /* SettingsViewController.swift */; };
		956E0A831F2C3A1500E65DF0 /* AdverticeViewController.swift in Sources */ = {isa = PBXBuildFile; fileRef = 956E0A801F2C3A1500E65DF0 /* AdverticeViewController.swift */; };
		956E0A841F2C3A1500E65DF0 /* RegistLoginViewController.swift in Sources */ = {isa = PBXBuildFile; fileRef = 956E0A811F2C3A1500E65DF0 /* RegistLoginViewController.swift */; };
		956E0A851F2C3A1500E65DF0 /* RootViewController.swift in Sources */ = {isa = PBXBuildFile; fileRef = 956E0A821F2C3A1500E65DF0 /* RootViewController.swift */; };
		956E0A881F2C3CDD00E65DF0 /* LotteryInOpenCell.swift in Sources */ = {isa = PBXBuildFile; fileRef = 956E0A861F2C3CDD00E65DF0 /* LotteryInOpenCell.swift */; };
		956E0A891F2C3CDD00E65DF0 /* LotteryInOpenCell.xib in Resources */ = {isa = PBXBuildFile; fileRef = 956E0A871F2C3CDD00E65DF0 /* LotteryInOpenCell.xib */; };
		956E0A8F1F2C645F00E65DF0 /* LotteryWaitOpenCell.swift in Sources */ = {isa = PBXBuildFile; fileRef = 956E0A8D1F2C645F00E65DF0 /* LotteryWaitOpenCell.swift */; };
		956E0A901F2C645F00E65DF0 /* LotteryWaitOpenCell.xib in Resources */ = {isa = PBXBuildFile; fileRef = 956E0A8E1F2C645F00E65DF0 /* LotteryWaitOpenCell.xib */; };
		956E0A921F2C661E00E65DF0 /* LotteryNumberView.swift in Sources */ = {isa = PBXBuildFile; fileRef = 956E0A911F2C661E00E65DF0 /* LotteryNumberView.swift */; };
		956E0A941F2C6A5B00E65DF0 /* ExtUIView.swift in Sources */ = {isa = PBXBuildFile; fileRef = 956E0A931F2C6A5B00E65DF0 /* ExtUIView.swift */; };
		956E0A981F2CDC1200E65DF0 /* RegistRequest.swift in Sources */ = {isa = PBXBuildFile; fileRef = 956E0A971F2CDC1200E65DF0 /* RegistRequest.swift */; };
		956E0A9A1F2CE5FB00E65DF0 /* LoginRequest.swift in Sources */ = {isa = PBXBuildFile; fileRef = 956E0A991F2CE5FB00E65DF0 /* LoginRequest.swift */; };
		956E0A9C1F2CE63B00E65DF0 /* LogoutRequest.swift in Sources */ = {isa = PBXBuildFile; fileRef = 956E0A9B1F2CE63B00E65DF0 /* LogoutRequest.swift */; };
		956E0A9E1F2CE69300E65DF0 /* ChangePasswordRequest.swift in Sources */ = {isa = PBXBuildFile; fileRef = 956E0A9D1F2CE69300E65DF0 /* ChangePasswordRequest.swift */; };
		956E0AA01F2CE70900E65DF0 /* AddLotteryRequest.swift in Sources */ = {isa = PBXBuildFile; fileRef = 956E0A9F1F2CE70900E65DF0 /* AddLotteryRequest.swift */; };
		956E0AA21F2CE80800E65DF0 /* DateUtil.swift in Sources */ = {isa = PBXBuildFile; fileRef = 956E0AA11F2CE80800E65DF0 /* DateUtil.swift */; };
		956E0AA41F2D5EE200E65DF0 /* LotteryCode.swift in Sources */ = {isa = PBXBuildFile; fileRef = 956E0AA31F2D5EE200E65DF0 /* LotteryCode.swift */; };
		956E0AA61F2D7B1D00E65DF0 /* GetPublishResponse.swift in Sources */ = {isa = PBXBuildFile; fileRef = 956E0AA51F2D7B1D00E65DF0 /* GetPublishResponse.swift */; };
		956E0AA81F2D7B8D00E65DF0 /* LotteryPublish.swift in Sources */ = {isa = PBXBuildFile; fileRef = 956E0AA71F2D7B8D00E65DF0 /* LotteryPublish.swift */; };
		956E0AAA1F2DE0A700E65DF0 /* GetPublishRequest.swift in Sources */ = {isa = PBXBuildFile; fileRef = 956E0AA91F2DE0A700E65DF0 /* GetPublishRequest.swift */; };
		956E0AAC1F2DE15F00E65DF0 /* UpdateLotteryRequest.swift in Sources */ = {isa = PBXBuildFile; fileRef = 956E0AAB1F2DE15F00E65DF0 /* UpdateLotteryRequest.swift */; };
		956E0AAE1F2E048100E65DF0 /* GetUserStatusRequest.swift in Sources */ = {isa = PBXBuildFile; fileRef = 956E0AAD1F2E048100E65DF0 /* GetUserStatusRequest.swift */; };
		956E0AB01F2E049800E65DF0 /* GetUserStatusResponse.swift in Sources */ = {isa = PBXBuildFile; fileRef = 956E0AAF1F2E049800E65DF0 /* GetUserStatusResponse.swift */; };
		956E0AB21F2E060200E65DF0 /* GetAdverticeUrlRequest.swift in Sources */ = {isa = PBXBuildFile; fileRef = 956E0AB11F2E060200E65DF0 /* GetAdverticeUrlRequest.swift */; };
		956E0AB41F2E061400E65DF0 /* GetAdverticeUrlResponse.swift in Sources */ = {isa = PBXBuildFile; fileRef = 956E0AB31F2E061400E65DF0 /* GetAdverticeUrlResponse.swift */; };
		958A5EDB1F2E187D002330AA /* UserConfig.swift in Sources */ = {isa = PBXBuildFile; fileRef = 958A5EDA1F2E187D002330AA /* UserConfig.swift */; };
		95CF92261F271F2C00E71892 /* AppDelegate.swift in Sources */ = {isa = PBXBuildFile; fileRef = 95CF92251F271F2C00E71892 /* AppDelegate.swift */; };
		95CF922B1F271F2C00E71892 /* Main.storyboard in Resources */ = {isa = PBXBuildFile; fileRef = 95CF92291F271F2C00E71892 /* Main.storyboard */; };
		95CF922D1F271F2C00E71892 /* Assets.xcassets in Resources */ = {isa = PBXBuildFile; fileRef = 95CF922C1F271F2C00E71892 /* Assets.xcassets */; };
		95CF92301F271F2C00E71892 /* LaunchScreen.storyboard in Resources */ = {isa = PBXBuildFile; fileRef = 95CF922E1F271F2C00E71892 /* LaunchScreen.storyboard */; };
		95CF92461F27276D00E71892 /* Alamofire.framework in Frameworks */ = {isa = PBXBuildFile; fileRef = 95CF92431F27276D00E71892 /* Alamofire.framework */; };
		95CF92471F27276D00E71892 /* IQKeyboardManagerSwift.framework in Frameworks */ = {isa = PBXBuildFile; fileRef = 95CF92441F27276D00E71892 /* IQKeyboardManagerSwift.framework */; };
		95CF92481F27276D00E71892 /* SwiftyJSON.framework in Frameworks */ = {isa = PBXBuildFile; fileRef = 95CF92451F27276D00E71892 /* SwiftyJSON.framework */; };
		95CF924B1F27277F00E71892 /* jcore-ios-1.1.5.a in Frameworks */ = {isa = PBXBuildFile; fileRef = 95CF92491F27277F00E71892 /* jcore-ios-1.1.5.a */; };
		95CF924C1F27277F00E71892 /* jpush-ios-3.0.6.a in Frameworks */ = {isa = PBXBuildFile; fileRef = 95CF924A1F27277F00E71892 /* jpush-ios-3.0.6.a */; };
		95CF924E1F2728F300E71892 /* MBProgressHUD.framework in Frameworks */ = {isa = PBXBuildFile; fileRef = 95CF924D1F2728F300E71892 /* MBProgressHUD.framework */; };
		95CF92541F272A7700E71892 /* CFNetwork.framework in Frameworks */ = {isa = PBXBuildFile; fileRef = 95CF92531F272A7700E71892 /* CFNetwork.framework */; };
		95CF92561F272A7F00E71892 /* CoreFoundation.framework in Frameworks */ = {isa = PBXBuildFile; fileRef = 95CF92551F272A7F00E71892 /* CoreFoundation.framework */; };
		95CF92581F272A8600E71892 /* CoreTelephony.framework in Frameworks */ = {isa = PBXBuildFile; fileRef = 95CF92571F272A8600E71892 /* CoreTelephony.framework */; };
		95CF925A1F272A8E00E71892 /* SystemConfiguration.framework in Frameworks */ = {isa = PBXBuildFile; fileRef = 95CF92591F272A8E00E71892 /* SystemConfiguration.framework */; };
		95CF925C1F272AB900E71892 /* CoreGraphics.framework in Frameworks */ = {isa = PBXBuildFile; fileRef = 95CF925B1F272AB900E71892 /* CoreGraphics.framework */; };
		95CF925E1F272AC200E71892 /* Foundation.framework in Frameworks */ = {isa = PBXBuildFile; fileRef = 95CF925D1F272AC200E71892 /* Foundation.framework */; };
		95CF92601F272AC800E71892 /* UIKit.framework in Frameworks */ = {isa = PBXBuildFile; fileRef = 95CF925F1F272AC800E71892 /* UIKit.framework */; };
		95CF92621F272ACF00E71892 /* Security.framework in Frameworks */ = {isa = PBXBuildFile; fileRef = 95CF92611F272ACF00E71892 /* Security.framework */; };
		95CF92641F272AD600E71892 /* libz.tbd in Frameworks */ = {isa = PBXBuildFile; fileRef = 95CF92631F272AD600E71892 /* libz.tbd */; };
		95CF92661F272AE000E71892 /* UserNotifications.framework in Frameworks */ = {isa = PBXBuildFile; fileRef = 95CF92651F272AE000E71892 /* UserNotifications.framework */; };
		95CF92681F272AE800E71892 /* libresolv.tbd in Frameworks */ = {isa = PBXBuildFile; fileRef = 95CF92671F272AE800E71892 /* libresolv.tbd */; };
		95DD697E1F278C920032A4C2 /* ToastUIView.m in Sources */ = {isa = PBXBuildFile; fileRef = 95DD697D1F278C920032A4C2 /* ToastUIView.m */; };
		95DD69851F278F1A0032A4C2 /* RequestBase.swift in Sources */ = {isa = PBXBuildFile; fileRef = 95DD69821F278F1A0032A4C2 /* RequestBase.swift */; };
		95DD69861F278F1A0032A4C2 /* ServerBase.swift in Sources */ = {isa = PBXBuildFile; fileRef = 95DD69831F278F1A0032A4C2 /* ServerBase.swift */; };
		95DD69871F278F1A0032A4C2 /* ServerResponseBase.swift in Sources */ = {isa = PBXBuildFile; fileRef = 95DD69841F278F1A0032A4C2 /* ServerResponseBase.swift */; };
		95DD69B11F2839790032A4C2 /* Constants.swift in Sources */ = {isa = PBXBuildFile; fileRef = 95DD69B01F2839790032A4C2 /* Constants.swift */; };
		95DD69B51F2840200032A4C2 /* ExtString.swift in Sources */ = {isa = PBXBuildFile; fileRef = 95DD69B21F2840200032A4C2 /* ExtString.swift */; };
		95DD69B61F2840200032A4C2 /* ExtUIColor.swift in Sources */ = {isa = PBXBuildFile; fileRef = 95DD69B31F2840200032A4C2 /* ExtUIColor.swift */; };
		95DD69B71F2840200032A4C2 /* ExtUIViewController.swift in Sources */ = {isa = PBXBuildFile; fileRef = 95DD69B41F2840200032A4C2 /* ExtUIViewController.swift */; };
		95DD69BB1F28420D0032A4C2 /* Util.swift in Sources */ = {isa = PBXBuildFile; fileRef = 95DD69BA1F28420D0032A4C2 /* Util.swift */; };
		95DD69BD1F2843510032A4C2 /* ExtDispatchQueue.swift in Sources */ = {isa = PBXBuildFile; fileRef = 95DD69BC1F2843510032A4C2 /* ExtDispatchQueue.swift */; };
/* End PBXBuildFile section */

/* Begin PBXCopyFilesBuildPhase section */
		9539D64C1F27322700D0F8C4 /* Embed Frameworks */ = {
			isa = PBXCopyFilesBuildPhase;
			buildActionMask = 2147483647;
			dstPath = "";
			dstSubfolderSpec = 10;
			files = (
				9539D64B1F27322700D0F8C4 /* SwiftyJSON.framework in Embed Frameworks */,
				9539D6491F27322700D0F8C4 /* Alamofire.framework in Embed Frameworks */,
				9539D6501F27325400D0F8C4 /* IQKeyboardManagerSwift.framework in Embed Frameworks */,
				9539D64E1F27325400D0F8C4 /* MBProgressHUD.framework in Embed Frameworks */,
			);
			name = "Embed Frameworks";
			runOnlyForDeploymentPostprocessing = 0;
		};
/* End PBXCopyFilesBuildPhase section */

/* Begin PBXFileReference section */
		9549B77A1F2AE34000B4BE83 /* lottery.storyboard */ = {isa = PBXFileReference; fileEncoding = 4; lastKnownFileType = file.storyboard; path = lottery.storyboard; sourceTree = "<group>"; };
		9549B77C1F2AE34D00B4BE83 /* personal.storyboard */ = {isa = PBXFileReference; fileEncoding = 4; lastKnownFileType = file.storyboard; path = personal.storyboard; sourceTree = "<group>"; };
		956E0A6E1F2C393D00E65DF0 /* LotteryInfo.swift */ = {isa = PBXFileReference; fileEncoding = 4; lastKnownFileType = sourcecode.swift; name = LotteryInfo.swift; path = lottery/LotteryInfo.swift; sourceTree = "<group>"; };
		956E0A701F2C39B300E65DF0 /* LotteryAddViewController.swift */ = {isa = PBXFileReference; fileEncoding = 4; lastKnownFileType = sourcecode.swift; name = LotteryAddViewController.swift; path = lottery/LotteryAddViewController.swift; sourceTree = "<group>"; };
		956E0A711F2C39B300E65DF0 /* LotteryDetailViewController.swift */ = {isa = PBXFileReference; fileEncoding = 4; lastKnownFileType = sourcecode.swift; name = LotteryDetailViewController.swift; path = lottery/LotteryDetailViewController.swift; sourceTree = "<group>"; };
		956E0A721F2C39B300E65DF0 /* LotteryMainViewController.swift */ = {isa = PBXFileReference; fileEncoding = 4; lastKnownFileType = sourcecode.swift; name = LotteryMainViewController.swift; path = lottery/LotteryMainViewController.swift; sourceTree = "<group>"; };
		956E0A731F2C39B300E65DF0 /* LotteryScanViewController.swift */ = {isa = PBXFileReference; fileEncoding = 4; lastKnownFileType = sourcecode.swift; name = LotteryScanViewController.swift; path = lottery/LotteryScanViewController.swift; sourceTree = "<group>"; };
		956E0A781F2C39C100E65DF0 /* LotteryListMainViewController.swift */ = {isa = PBXFileReference; fileEncoding = 4; lastKnownFileType = sourcecode.swift; name = LotteryListMainViewController.swift; path = personal/LotteryListMainViewController.swift; sourceTree = "<group>"; };
		956E0A791F2C39C100E65DF0 /* LotteryListViewController.swift */ = {isa = PBXFileReference; fileEncoding = 4; lastKnownFileType = sourcecode.swift; name = LotteryListViewController.swift; path = personal/LotteryListViewController.swift; sourceTree = "<group>"; };
		956E0A7A1F2C39C100E65DF0 /* PersonalMainViewController.swift */ = {isa = PBXFileReference; fileEncoding = 4; lastKnownFileType = sourcecode.swift; name = PersonalMainViewController.swift; path = personal/PersonalMainViewController.swift; sourceTree = "<group>"; };
		956E0A7B1F2C39C100E65DF0 /* SettingsViewController.swift */ = {isa = PBXFileReference; fileEncoding = 4; lastKnownFileType = sourcecode.swift; name = SettingsViewController.swift; path = personal/SettingsViewController.swift; sourceTree = "<group>"; };
		956E0A801F2C3A1500E65DF0 /* AdverticeViewController.swift */ = {isa = PBXFileReference; fileEncoding = 4; lastKnownFileType = sourcecode.swift; name = AdverticeViewController.swift; path = main/AdverticeViewController.swift; sourceTree = "<group>"; };
		956E0A811F2C3A1500E65DF0 /* RegistLoginViewController.swift */ = {isa = PBXFileReference; fileEncoding = 4; lastKnownFileType = sourcecode.swift; name = RegistLoginViewController.swift; path = main/RegistLoginViewController.swift; sourceTree = "<group>"; };
		956E0A821F2C3A1500E65DF0 /* RootViewController.swift */ = {isa = PBXFileReference; fileEncoding = 4; lastKnownFileType = sourcecode.swift; name = RootViewController.swift; path = main/RootViewController.swift; sourceTree = "<group>"; };
		956E0A861F2C3CDD00E65DF0 /* LotteryInOpenCell.swift */ = {isa = PBXFileReference; fileEncoding = 4; lastKnownFileType = sourcecode.swift; name = LotteryInOpenCell.swift; path = lottery/LotteryInOpenCell.swift; sourceTree = "<group>"; };
		956E0A871F2C3CDD00E65DF0 /* LotteryInOpenCell.xib */ = {isa = PBXFileReference; fileEncoding = 4; lastKnownFileType = file.xib; name = LotteryInOpenCell.xib; path = lottery/LotteryInOpenCell.xib; sourceTree = "<group>"; };
		956E0A8D1F2C645F00E65DF0 /* LotteryWaitOpenCell.swift */ = {isa = PBXFileReference; fileEncoding = 4; lastKnownFileType = sourcecode.swift; name = LotteryWaitOpenCell.swift; path = lottery/LotteryWaitOpenCell.swift; sourceTree = "<group>"; };
		956E0A8E1F2C645F00E65DF0 /* LotteryWaitOpenCell.xib */ = {isa = PBXFileReference; fileEncoding = 4; lastKnownFileType = file.xib; name = LotteryWaitOpenCell.xib; path = lottery/LotteryWaitOpenCell.xib; sourceTree = "<group>"; };
		956E0A911F2C661E00E65DF0 /* LotteryNumberView.swift */ = {isa = PBXFileReference; fileEncoding = 4; lastKnownFileType = sourcecode.swift; name = LotteryNumberView.swift; path = lottery/LotteryNumberView.swift; sourceTree = "<group>"; };
		956E0A931F2C6A5B00E65DF0 /* ExtUIView.swift */ = {isa = PBXFileReference; fileEncoding = 4; lastKnownFileType = sourcecode.swift; path = ExtUIView.swift; sourceTree = "<group>"; };
		956E0A971F2CDC1200E65DF0 /* RegistRequest.swift */ = {isa = PBXFileReference; fileEncoding = 4; lastKnownFileType = sourcecode.swift; path = RegistRequest.swift; sourceTree = "<group>"; };
		956E0A991F2CE5FB00E65DF0 /* LoginRequest.swift */ = {isa = PBXFileReference; fileEncoding = 4; lastKnownFileType = sourcecode.swift; path = LoginRequest.swift; sourceTree = "<group>"; };
		956E0A9B1F2CE63B00E65DF0 /* LogoutRequest.swift */ = {isa = PBXFileReference; fileEncoding = 4; lastKnownFileType = sourcecode.swift; path = LogoutRequest.swift; sourceTree = "<group>"; };
		956E0A9D1F2CE69300E65DF0 /* ChangePasswordRequest.swift */ = {isa = PBXFileReference; fileEncoding = 4; lastKnownFileType = sourcecode.swift; path = ChangePasswordRequest.swift; sourceTree = "<group>"; };
		956E0A9F1F2CE70900E65DF0 /* AddLotteryRequest.swift */ = {isa = PBXFileReference; fileEncoding = 4; lastKnownFileType = sourcecode.swift; path = AddLotteryRequest.swift; sourceTree = "<group>"; };
		956E0AA11F2CE80800E65DF0 /* DateUtil.swift */ = {isa = PBXFileReference; fileEncoding = 4; lastKnownFileType = sourcecode.swift; name = DateUtil.swift; path = common/utils/DateUtil.swift; sourceTree = "<group>"; };
		956E0AA31F2D5EE200E65DF0 /* LotteryCode.swift */ = {isa = PBXFileReference; fileEncoding = 4; lastKnownFileType = sourcecode.swift; name = LotteryCode.swift; path = lottery/LotteryCode.swift; sourceTree = "<group>"; };
		956E0AA51F2D7B1D00E65DF0 /* GetPublishResponse.swift */ = {isa = PBXFileReference; fileEncoding = 4; lastKnownFileType = sourcecode.swift; path = GetPublishResponse.swift; sourceTree = "<group>"; };
		956E0AA71F2D7B8D00E65DF0 /* LotteryPublish.swift */ = {isa = PBXFileReference; fileEncoding = 4; lastKnownFileType = sourcecode.swift; path = LotteryPublish.swift; sourceTree = "<group>"; };
		956E0AA91F2DE0A700E65DF0 /* GetPublishRequest.swift */ = {isa = PBXFileReference; fileEncoding = 4; lastKnownFileType = sourcecode.swift; path = GetPublishRequest.swift; sourceTree = "<group>"; };
		956E0AAB1F2DE15F00E65DF0 /* UpdateLotteryRequest.swift */ = {isa = PBXFileReference; fileEncoding = 4; lastKnownFileType = sourcecode.swift; path = UpdateLotteryRequest.swift; sourceTree = "<group>"; };
		956E0AAD1F2E048100E65DF0 /* GetUserStatusRequest.swift */ = {isa = PBXFileReference; fileEncoding = 4; lastKnownFileType = sourcecode.swift; path = GetUserStatusRequest.swift; sourceTree = "<group>"; };
		956E0AAF1F2E049800E65DF0 /* GetUserStatusResponse.swift */ = {isa = PBXFileReference; fileEncoding = 4; lastKnownFileType = sourcecode.swift; path = GetUserStatusResponse.swift; sourceTree = "<group>"; };
		956E0AB11F2E060200E65DF0 /* GetAdverticeUrlRequest.swift */ = {isa = PBXFileReference; fileEncoding = 4; lastKnownFileType = sourcecode.swift; path = GetAdverticeUrlRequest.swift; sourceTree = "<group>"; };
		956E0AB31F2E061400E65DF0 /* GetAdverticeUrlResponse.swift */ = {isa = PBXFileReference; fileEncoding = 4; lastKnownFileType = sourcecode.swift; path = GetAdverticeUrlResponse.swift; sourceTree = "<group>"; };
		958A5EDA1F2E187D002330AA /* UserConfig.swift */ = {isa = PBXFileReference; fileEncoding = 4; lastKnownFileType = sourcecode.swift; path = UserConfig.swift; sourceTree = "<group>"; };
		95CF92221F271F2C00E71892 /* lotteryAides.app */ = {isa = PBXFileReference; explicitFileType = wrapper.application; includeInIndex = 0; path = lotteryAides.app; sourceTree = BUILT_PRODUCTS_DIR; };
		95CF92251F271F2C00E71892 /* AppDelegate.swift */ = {isa = PBXFileReference; lastKnownFileType = sourcecode.swift; path = AppDelegate.swift; sourceTree = "<group>"; };
		95CF922A1F271F2C00E71892 /* Base */ = {isa = PBXFileReference; lastKnownFileType = file.storyboard; name = Base; path = Base.lproj/Main.storyboard; sourceTree = "<group>"; };
		95CF922C1F271F2C00E71892 /* Assets.xcassets */ = {isa = PBXFileReference; lastKnownFileType = folder.assetcatalog; path = Assets.xcassets; sourceTree = "<group>"; };
		95CF922F1F271F2C00E71892 /* Base */ = {isa = PBXFileReference; lastKnownFileType = file.storyboard; name = Base; path = Base.lproj/LaunchScreen.storyboard; sourceTree = "<group>"; };
		95CF92311F271F2C00E71892 /* Info.plist */ = {isa = PBXFileReference; lastKnownFileType = text.plist.xml; path = Info.plist; sourceTree = "<group>"; };
		95CF92411F27269600E71892 /* lotteryAides.entitlements */ = {isa = PBXFileReference; lastKnownFileType = text.plist.entitlements; path = lotteryAides.entitlements; sourceTree = "<group>"; };
		95CF92431F27276D00E71892 /* Alamofire.framework */ = {isa = PBXFileReference; lastKnownFileType = wrapper.framework; name = Alamofire.framework; path = Carthage/Build/iOS/Alamofire.framework; sourceTree = "<group>"; };
		95CF92441F27276D00E71892 /* IQKeyboardManagerSwift.framework */ = {isa = PBXFileReference; lastKnownFileType = wrapper.framework; name = IQKeyboardManagerSwift.framework; path = Carthage/Build/iOS/IQKeyboardManagerSwift.framework; sourceTree = "<group>"; };
		95CF92451F27276D00E71892 /* SwiftyJSON.framework */ = {isa = PBXFileReference; lastKnownFileType = wrapper.framework; name = SwiftyJSON.framework; path = Carthage/Build/iOS/SwiftyJSON.framework; sourceTree = "<group>"; };
		95CF92491F27277F00E71892 /* jcore-ios-1.1.5.a */ = {isa = PBXFileReference; lastKnownFileType = archive.ar; name = "jcore-ios-1.1.5.a"; path = "lotteryAides/lib/JPush/jcore-ios-1.1.5.a"; sourceTree = "<group>"; };
		95CF924A1F27277F00E71892 /* jpush-ios-3.0.6.a */ = {isa = PBXFileReference; lastKnownFileType = archive.ar; name = "jpush-ios-3.0.6.a"; path = "lotteryAides/lib/JPush/jpush-ios-3.0.6.a"; sourceTree = "<group>"; };
		95CF924D1F2728F300E71892 /* MBProgressHUD.framework */ = {isa = PBXFileReference; lastKnownFileType = wrapper.framework; name = MBProgressHUD.framework; path = Carthage/Build/iOS/MBProgressHUD.framework; sourceTree = "<group>"; };
		95CF924F1F2729C200E71892 /* lotteryAides-Bridging-Header.h */ = {isa = PBXFileReference; lastKnownFileType = sourcecode.c.h; path = "lotteryAides-Bridging-Header.h"; sourceTree = "<group>"; };
		95CF92531F272A7700E71892 /* CFNetwork.framework */ = {isa = PBXFileReference; lastKnownFileType = wrapper.framework; name = CFNetwork.framework; path = System/Library/Frameworks/CFNetwork.framework; sourceTree = SDKROOT; };
		95CF92551F272A7F00E71892 /* CoreFoundation.framework */ = {isa = PBXFileReference; lastKnownFileType = wrapper.framework; name = CoreFoundation.framework; path = System/Library/Frameworks/CoreFoundation.framework; sourceTree = SDKROOT; };
		95CF92571F272A8600E71892 /* CoreTelephony.framework */ = {isa = PBXFileReference; lastKnownFileType = wrapper.framework; name = CoreTelephony.framework; path = System/Library/Frameworks/CoreTelephony.framework; sourceTree = SDKROOT; };
		95CF92591F272A8E00E71892 /* SystemConfiguration.framework */ = {isa = PBXFileReference; lastKnownFileType = wrapper.framework; name = SystemConfiguration.framework; path = System/Library/Frameworks/SystemConfiguration.framework; sourceTree = SDKROOT; };
		95CF925B1F272AB900E71892 /* CoreGraphics.framework */ = {isa = PBXFileReference; lastKnownFileType = wrapper.framework; name = CoreGraphics.framework; path = System/Library/Frameworks/CoreGraphics.framework; sourceTree = SDKROOT; };
		95CF925D1F272AC200E71892 /* Foundation.framework */ = {isa = PBXFileReference; lastKnownFileType = wrapper.framework; name = Foundation.framework; path = System/Library/Frameworks/Foundation.framework; sourceTree = SDKROOT; };
		95CF925F1F272AC800E71892 /* UIKit.framework */ = {isa = PBXFileReference; lastKnownFileType = wrapper.framework; name = UIKit.framework; path = System/Library/Frameworks/UIKit.framework; sourceTree = SDKROOT; };
		95CF92611F272ACF00E71892 /* Security.framework */ = {isa = PBXFileReference; lastKnownFileType = wrapper.framework; name = Security.framework; path = System/Library/Frameworks/Security.framework; sourceTree = SDKROOT; };
		95CF92631F272AD600E71892 /* libz.tbd */ = {isa = PBXFileReference; lastKnownFileType = "sourcecode.text-based-dylib-definition"; name = libz.tbd; path = usr/lib/libz.tbd; sourceTree = SDKROOT; };
		95CF92651F272AE000E71892 /* UserNotifications.framework */ = {isa = PBXFileReference; lastKnownFileType = wrapper.framework; name = UserNotifications.framework; path = System/Library/Frameworks/UserNotifications.framework; sourceTree = SDKROOT; };
		95CF92671F272AE800E71892 /* libresolv.tbd */ = {isa = PBXFileReference; lastKnownFileType = "sourcecode.text-based-dylib-definition"; name = libresolv.tbd; path = usr/lib/libresolv.tbd; sourceTree = SDKROOT; };
		95DD697C1F278C920032A4C2 /* ToastUIView.h */ = {isa = PBXFileReference; fileEncoding = 4; lastKnownFileType = sourcecode.c.h; name = ToastUIView.h; path = lib/ToastUIView/ToastUIView.h; sourceTree = "<group>"; };
		95DD697D1F278C920032A4C2 /* ToastUIView.m */ = {isa = PBXFileReference; fileEncoding = 4; lastKnownFileType = sourcecode.c.objc; name = ToastUIView.m; path = lib/ToastUIView/ToastUIView.m; sourceTree = "<group>"; };
		95DD697F1F278CB60032A4C2 /* JPUSHService.h */ = {isa = PBXFileReference; fileEncoding = 4; lastKnownFileType = sourcecode.c.h; name = JPUSHService.h; path = lib/JPush/JPUSHService.h; sourceTree = "<group>"; };
		95DD69821F278F1A0032A4C2 /* RequestBase.swift */ = {isa = PBXFileReference; fileEncoding = 4; lastKnownFileType = sourcecode.swift; name = RequestBase.swift; path = common/RequestBase.swift; sourceTree = "<group>"; };
		95DD69831F278F1A0032A4C2 /* ServerBase.swift */ = {isa = PBXFileReference; fileEncoding = 4; lastKnownFileType = sourcecode.swift; name = ServerBase.swift; path = common/ServerBase.swift; sourceTree = "<group>"; };
		95DD69841F278F1A0032A4C2 /* ServerResponseBase.swift */ = {isa = PBXFileReference; fileEncoding = 4; lastKnownFileType = sourcecode.swift; name = ServerResponseBase.swift; path = common/ServerResponseBase.swift; sourceTree = "<group>"; };
		95DD69B01F2839790032A4C2 /* Constants.swift */ = {isa = PBXFileReference; fileEncoding = 4; lastKnownFileType = sourcecode.swift; path = Constants.swift; sourceTree = "<group>"; };
		95DD69B21F2840200032A4C2 /* ExtString.swift */ = {isa = PBXFileReference; fileEncoding = 4; lastKnownFileType = sourcecode.swift; name = ExtString.swift; path = common/extension/ExtString.swift; sourceTree = "<group>"; };
		95DD69B31F2840200032A4C2 /* ExtUIColor.swift */ = {isa = PBXFileReference; fileEncoding = 4; lastKnownFileType = sourcecode.swift; name = ExtUIColor.swift; path = common/extension/ExtUIColor.swift; sourceTree = "<group>"; };
		95DD69B41F2840200032A4C2 /* ExtUIViewController.swift */ = {isa = PBXFileReference; fileEncoding = 4; lastKnownFileType = sourcecode.swift; name = ExtUIViewController.swift; path = common/extension/ExtUIViewController.swift; sourceTree = "<group>"; };
		95DD69BA1F28420D0032A4C2 /* Util.swift */ = {isa = PBXFileReference; fileEncoding = 4; lastKnownFileType = sourcecode.swift; name = Util.swift; path = common/utils/Util.swift; sourceTree = "<group>"; };
		95DD69BC1F2843510032A4C2 /* ExtDispatchQueue.swift */ = {isa = PBXFileReference; fileEncoding = 4; lastKnownFileType = sourcecode.swift; name = ExtDispatchQueue.swift; path = common/utils/ExtDispatchQueue.swift; sourceTree = "<group>"; };
/* End PBXFileReference section */

/* Begin PBXFrameworksBuildPhase section */
		95CF921F1F271F2C00E71892 /* Frameworks */ = {
			isa = PBXFrameworksBuildPhase;
			buildActionMask = 2147483647;
			files = (
				95CF92681F272AE800E71892 /* libresolv.tbd in Frameworks */,
				9539D64F1F27325400D0F8C4 /* IQKeyboardManagerSwift.framework in Frameworks */,
				9539D6481F27322700D0F8C4 /* Alamofire.framework in Frameworks */,
				9539D64A1F27322700D0F8C4 /* SwiftyJSON.framework in Frameworks */,
				95CF92661F272AE000E71892 /* UserNotifications.framework in Frameworks */,
				95CF92641F272AD600E71892 /* libz.tbd in Frameworks */,
				95CF92621F272ACF00E71892 /* Security.framework in Frameworks */,
				95CF92601F272AC800E71892 /* UIKit.framework in Frameworks */,
				95CF925E1F272AC200E71892 /* Foundation.framework in Frameworks */,
				9539D64D1F27325400D0F8C4 /* MBProgressHUD.framework in Frameworks */,
				95CF925C1F272AB900E71892 /* CoreGraphics.framework in Frameworks */,
				95CF925A1F272A8E00E71892 /* SystemConfiguration.framework in Frameworks */,
				95CF92581F272A8600E71892 /* CoreTelephony.framework in Frameworks */,
				95CF92561F272A7F00E71892 /* CoreFoundation.framework in Frameworks */,
				95CF92541F272A7700E71892 /* CFNetwork.framework in Frameworks */,
				95CF92461F27276D00E71892 /* Alamofire.framework in Frameworks */,
				95CF924B1F27277F00E71892 /* jcore-ios-1.1.5.a in Frameworks */,
				95CF924C1F27277F00E71892 /* jpush-ios-3.0.6.a in Frameworks */,
				95CF924E1F2728F300E71892 /* MBProgressHUD.framework in Frameworks */,
				95CF92471F27276D00E71892 /* IQKeyboardManagerSwift.framework in Frameworks */,
				95CF92481F27276D00E71892 /* SwiftyJSON.framework in Frameworks */,
			);
			runOnlyForDeploymentPostprocessing = 0;
		};
/* End PBXFrameworksBuildPhase section */

/* Begin PBXGroup section */
		9539D6511F2733B500D0F8C4 /* system */ = {
			isa = PBXGroup;
			children = (
				95CF92251F271F2C00E71892 /* AppDelegate.swift */,
				95CF92411F27269600E71892 /* lotteryAides.entitlements */,
				95CF92311F271F2C00E71892 /* Info.plist */,
				95CF924F1F2729C200E71892 /* lotteryAides-Bridging-Header.h */,
			);
			name = system;
			sourceTree = "<group>";
		};
		9549B7781F2AE31300B4BE83 /* lottery */ = {
			isa = PBXGroup;
			children = (
				956E0A6E1F2C393D00E65DF0 /* LotteryInfo.swift */,
				956E0AA31F2D5EE200E65DF0 /* LotteryCode.swift */,
				956E0AA71F2D7B8D00E65DF0 /* LotteryPublish.swift */,
				956E0A8C1F2C3D0100E65DF0 /* view */,
				956E0A6C1F2C381A00E65DF0 /* controller */,
			);
			name = lottery;
			sourceTree = "<group>";
		};
		9549B7791F2AE31F00B4BE83 /* personal */ = {
			isa = PBXGroup;
			children = (
				956E0A6D1F2C38F600E65DF0 /* controller */,
			);
			name = personal;
			sourceTree = "<group>";
		};
		956E0A6C1F2C381A00E65DF0 /* controller */ = {
			isa = PBXGroup;
			children = (
				956E0A701F2C39B300E65DF0 /* LotteryAddViewController.swift */,
				956E0A711F2C39B300E65DF0 /* LotteryDetailViewController.swift */,
				956E0A721F2C39B300E65DF0 /* LotteryMainViewController.swift */,
				956E0A731F2C39B300E65DF0 /* LotteryScanViewController.swift */,
			);
			name = controller;
			sourceTree = "<group>";
		};
		956E0A6D1F2C38F600E65DF0 /* controller */ = {
			isa = PBXGroup;
			children = (
				956E0A781F2C39C100E65DF0 /* LotteryListMainViewController.swift */,
				956E0A791F2C39C100E65DF0 /* LotteryListViewController.swift */,
				956E0A7A1F2C39C100E65DF0 /* PersonalMainViewController.swift */,
				956E0A7B1F2C39C100E65DF0 /* SettingsViewController.swift */,
			);
			name = controller;
			sourceTree = "<group>";
		};
		956E0A8C1F2C3D0100E65DF0 /* view */ = {
			isa = PBXGroup;
			children = (
				956E0A861F2C3CDD00E65DF0 /* LotteryInOpenCell.swift */,
				956E0A871F2C3CDD00E65DF0 /* LotteryInOpenCell.xib */,
				956E0A8D1F2C645F00E65DF0 /* LotteryWaitOpenCell.swift */,
				956E0A8E1F2C645F00E65DF0 /* LotteryWaitOpenCell.xib */,
				956E0A911F2C661E00E65DF0 /* LotteryNumberView.swift */,
			);
			name = view;
			sourceTree = "<group>";
		};
		956E0A961F2CDB8A00E65DF0 /* server */ = {
			isa = PBXGroup;
			children = (
				956E0A971F2CDC1200E65DF0 /* RegistRequest.swift */,
				956E0A991F2CE5FB00E65DF0 /* LoginRequest.swift */,
				956E0A9B1F2CE63B00E65DF0 /* LogoutRequest.swift */,
				956E0A9D1F2CE69300E65DF0 /* ChangePasswordRequest.swift */,
				956E0A9F1F2CE70900E65DF0 /* AddLotteryRequest.swift */,
				956E0AAB1F2DE15F00E65DF0 /* UpdateLotteryRequest.swift */,
				956E0AA91F2DE0A700E65DF0 /* GetPublishRequest.swift */,
				956E0AA51F2D7B1D00E65DF0 /* GetPublishResponse.swift */,
				956E0AAD1F2E048100E65DF0 /* GetUserStatusRequest.swift */,
				956E0AAF1F2E049800E65DF0 /* GetUserStatusResponse.swift */,
				956E0AB11F2E060200E65DF0 /* GetAdverticeUrlRequest.swift */,
				956E0AB31F2E061400E65DF0 /* GetAdverticeUrlResponse.swift */,
			);
			name = server;
			sourceTree = "<group>";
		};
		95CF92191F271F2C00E71892 = {
			isa = PBXGroup;
			children = (
				95CF92241F271F2C00E71892 /* lotteryAides */,
				95CF92231F271F2C00E71892 /* Products */,
				95CF92421F27276C00E71892 /* Frameworks */,
			);
			sourceTree = "<group>";
		};
		95CF92231F271F2C00E71892 /* Products */ = {
			isa = PBXGroup;
			children = (
				95CF92221F271F2C00E71892 /* lotteryAides.app */,
			);
			name = Products;
			sourceTree = "<group>";
		};
		95CF92241F271F2C00E71892 /* lotteryAides */ = {
			isa = PBXGroup;
			children = (
				95DD69801F278E640032A4C2 /* common */,
				95DD69681F277EA20032A4C2 /* main */,
				9549B7781F2AE31300B4BE83 /* lottery */,
				9549B7791F2AE31F00B4BE83 /* personal */,
				95DD696F1F27881A0032A4C2 /* lib */,
				9539D6511F2733B500D0F8C4 /* system */,
				956E0A961F2CDB8A00E65DF0 /* server */,
				95CF922C1F271F2C00E71892 /* Assets.xcassets */,
			);
			path = lotteryAides;
			sourceTree = "<group>";
		};
		95CF92421F27276C00E71892 /* Frameworks */ = {
			isa = PBXGroup;
			children = (
				95CF92671F272AE800E71892 /* libresolv.tbd */,
				95CF92651F272AE000E71892 /* UserNotifications.framework */,
				95CF92631F272AD600E71892 /* libz.tbd */,
				95CF92611F272ACF00E71892 /* Security.framework */,
				95CF925F1F272AC800E71892 /* UIKit.framework */,
				95CF925D1F272AC200E71892 /* Foundation.framework */,
				95CF925B1F272AB900E71892 /* CoreGraphics.framework */,
				95CF92591F272A8E00E71892 /* SystemConfiguration.framework */,
				95CF92571F272A8600E71892 /* CoreTelephony.framework */,
				95CF92551F272A7F00E71892 /* CoreFoundation.framework */,
				95CF92531F272A7700E71892 /* CFNetwork.framework */,
				95CF924D1F2728F300E71892 /* MBProgressHUD.framework */,
				95CF92491F27277F00E71892 /* jcore-ios-1.1.5.a */,
				95CF924A1F27277F00E71892 /* jpush-ios-3.0.6.a */,
				95CF92431F27276D00E71892 /* Alamofire.framework */,
				95CF92441F27276D00E71892 /* IQKeyboardManagerSwift.framework */,
				95CF92451F27276D00E71892 /* SwiftyJSON.framework */,
			);
			name = Frameworks;
			sourceTree = "<group>";
		};
		95DD69681F277EA20032A4C2 /* main */ = {
			isa = PBXGroup;
			children = (
				956E0A801F2C3A1500E65DF0 /* AdverticeViewController.swift */,
				956E0A811F2C3A1500E65DF0 /* RegistLoginViewController.swift */,
				956E0A821F2C3A1500E65DF0 /* RootViewController.swift */,
				95CF92291F271F2C00E71892 /* Main.storyboard */,
				9549B77A1F2AE34000B4BE83 /* lottery.storyboard */,
				9549B77C1F2AE34D00B4BE83 /* personal.storyboard */,
				95CF922E1F271F2C00E71892 /* LaunchScreen.storyboard */,
			);
			name = main;
			sourceTree = "<group>";
		};
		95DD696F1F27881A0032A4C2 /* lib */ = {
			isa = PBXGroup;
			children = (
				95DD697B1F278C710032A4C2 /* ToastUIView */,
				95DD69791F278C560032A4C2 /* JPush */,
			);
			name = lib;
			sourceTree = "<group>";
		};
		95DD69791F278C560032A4C2 /* JPush */ = {
			isa = PBXGroup;
			children = (
				95DD697F1F278CB60032A4C2 /* JPUSHService.h */,
			);
			name = JPush;
			sourceTree = "<group>";
		};
		95DD697B1F278C710032A4C2 /* ToastUIView */ = {
			isa = PBXGroup;
			children = (
				95DD697C1F278C920032A4C2 /* ToastUIView.h */,
				95DD697D1F278C920032A4C2 /* ToastUIView.m */,
			);
			name = ToastUIView;
			sourceTree = "<group>";
		};
		95DD69801F278E640032A4C2 /* common */ = {
			isa = PBXGroup;
			children = (
				95DD69971F278F4F0032A4C2 /* extension */,
				95DD69881F278F360032A4C2 /* util */,
				95DD69811F278F0B0032A4C2 /* base */,
			);
			name = common;
			sourceTree = "<group>";
		};
		95DD69811F278F0B0032A4C2 /* base */ = {
			isa = PBXGroup;
			children = (
				95DD69821F278F1A0032A4C2 /* RequestBase.swift */,
				95DD69831F278F1A0032A4C2 /* ServerBase.swift */,
				95DD69841F278F1A0032A4C2 /* ServerResponseBase.swift */,
			);
			name = base;
			sourceTree = "<group>";
		};
		95DD69881F278F360032A4C2 /* util */ = {
			isa = PBXGroup;
			children = (
				95DD69B01F2839790032A4C2 /* Constants.swift */,
				95DD69BA1F28420D0032A4C2 /* Util.swift */,
				956E0AA11F2CE80800E65DF0 /* DateUtil.swift */,
				958A5EDA1F2E187D002330AA /* UserConfig.swift */,
			);
			name = util;
			sourceTree = "<group>";
		};
		95DD69971F278F4F0032A4C2 /* extension */ = {
			isa = PBXGroup;
			children = (
				95DD69B21F2840200032A4C2 /* ExtString.swift */,
				95DD69B31F2840200032A4C2 /* ExtUIColor.swift */,
				95DD69BC1F2843510032A4C2 /* ExtDispatchQueue.swift */,
				95DD69B41F2840200032A4C2 /* ExtUIViewController.swift */,
				956E0A931F2C6A5B00E65DF0 /* ExtUIView.swift */,
			);
			name = extension;
			sourceTree = "<group>";
		};
/* End PBXGroup section */

/* Begin PBXNativeTarget section */
		95CF92211F271F2C00E71892 /* lotteryAides */ = {
			isa = PBXNativeTarget;
			buildConfigurationList = 95CF92341F271F2C00E71892 /* Build configuration list for PBXNativeTarget "lotteryAides" */;
			buildPhases = (
				95CF921E1F271F2C00E71892 /* Sources */,
				95CF921F1F271F2C00E71892 /* Frameworks */,
				95CF92201F271F2C00E71892 /* Resources */,
				9539D64C1F27322700D0F8C4 /* Embed Frameworks */,
			);
			buildRules = (
			);
			dependencies = (
			);
			name = lotteryAides;
			productName = lotteryAides;
			productReference = 95CF92221F271F2C00E71892 /* lotteryAides.app */;
			productType = "com.apple.product-type.application";
		};
/* End PBXNativeTarget section */

/* Begin PBXProject section */
		95CF921A1F271F2C00E71892 /* Project object */ = {
			isa = PBXProject;
			attributes = {
				LastSwiftUpdateCheck = 0830;
				LastUpgradeCheck = 0830;
				ORGANIZATIONNAME = zhccc;
				TargetAttributes = {
					95CF92211F271F2C00E71892 = {
						CreatedOnToolsVersion = 8.3.3;
						DevelopmentTeam = Y96WVCJ6BT;
						LastSwiftMigration = 0830;
						ProvisioningStyle = Automatic;
						SystemCapabilities = {
							com.apple.Push = {
								enabled = 1;
							};
						};
					};
				};
			};
			buildConfigurationList = 95CF921D1F271F2C00E71892 /* Build configuration list for PBXProject "lotteryAides" */;
			compatibilityVersion = "Xcode 3.2";
			developmentRegion = English;
			hasScannedForEncodings = 0;
			knownRegions = (
				en,
				Base,
			);
			mainGroup = 95CF92191F271F2C00E71892;
			productRefGroup = 95CF92231F271F2C00E71892 /* Products */;
			projectDirPath = "";
			projectRoot = "";
			targets = (
				95CF92211F271F2C00E71892 /* lotteryAides */,
			);
		};
/* End PBXProject section */

/* Begin PBXResourcesBuildPhase section */
		95CF92201F271F2C00E71892 /* Resources */ = {
			isa = PBXResourcesBuildPhase;
			buildActionMask = 2147483647;
			files = (
				9549B77B1F2AE34000B4BE83 /* lottery.storyboard in Resources */,
				9549B77D1F2AE34D00B4BE83 /* personal.storyboard in Resources */,
				95CF92301F271F2C00E71892 /* LaunchScreen.storyboard in Resources */,
				95CF922D1F271F2C00E71892 /* Assets.xcassets in Resources */,
				956E0A891F2C3CDD00E65DF0 /* LotteryInOpenCell.xib in Resources */,
				95CF922B1F271F2C00E71892 /* Main.storyboard in Resources */,
				956E0A901F2C645F00E65DF0 /* LotteryWaitOpenCell.xib in Resources */,
			);
			runOnlyForDeploymentPostprocessing = 0;
		};
/* End PBXResourcesBuildPhase section */

/* Begin PBXSourcesBuildPhase section */
		95CF921E1F271F2C00E71892 /* Sources */ = {
			isa = PBXSourcesBuildPhase;
			buildActionMask = 2147483647;
			files = (
				95DD69B71F2840200032A4C2 /* ExtUIViewController.swift in Sources */,
				956E0A981F2CDC1200E65DF0 /* RegistRequest.swift in Sources */,
				956E0AAC1F2DE15F00E65DF0 /* UpdateLotteryRequest.swift in Sources */,
				956E0A771F2C39B300E65DF0 /* LotteryScanViewController.swift in Sources */,
				956E0A6F1F2C393D00E65DF0 /* LotteryInfo.swift in Sources */,
				956E0A7C1F2C39C100E65DF0 /* LotteryListMainViewController.swift in Sources */,
				956E0AA81F2D7B8D00E65DF0 /* LotteryPublish.swift in Sources */,
				95DD69BB1F28420D0032A4C2 /* Util.swift in Sources */,
				95DD69B61F2840200032A4C2 /* ExtUIColor.swift in Sources */,
				956E0AA01F2CE70900E65DF0 /* AddLotteryRequest.swift in Sources */,
				95DD69B51F2840200032A4C2 /* ExtString.swift in Sources */,
				956E0A921F2C661E00E65DF0 /* LotteryNumberView.swift in Sources */,
				956E0A761F2C39B300E65DF0 /* LotteryMainViewController.swift in Sources */,
				956E0AB41F2E061400E65DF0 /* GetAdverticeUrlResponse.swift in Sources */,
				956E0A881F2C3CDD00E65DF0 /* LotteryInOpenCell.swift in Sources */,
				956E0AA21F2CE80800E65DF0 /* DateUtil.swift in Sources */,
				956E0AA41F2D5EE200E65DF0 /* LotteryCode.swift in Sources */,
				958A5EDB1F2E187D002330AA /* UserConfig.swift in Sources */,
				956E0A8F1F2C645F00E65DF0 /* LotteryWaitOpenCell.swift in Sources */,
				956E0A741F2C39B300E65DF0 /* LotteryAddViewController.swift in Sources */,
				956E0A7E1F2C39C100E65DF0 /* PersonalMainViewController.swift in Sources */,
				956E0A751F2C39B300E65DF0 /* LotteryDetailViewController.swift in Sources */,
				95DD69861F278F1A0032A4C2 /* ServerBase.swift in Sources */,
				95DD697E1F278C920032A4C2 /* ToastUIView.m in Sources */,
				956E0A851F2C3A1500E65DF0 /* RootViewController.swift in Sources */,
				956E0A841F2C3A1500E65DF0 /* RegistLoginViewController.swift in Sources */,
				95DD69B11F2839790032A4C2 /* Constants.swift in Sources */,
				956E0A9E1F2CE69300E65DF0 /* ChangePasswordRequest.swift in Sources */,
				956E0AA61F2D7B1D00E65DF0 /* GetPublishResponse.swift in Sources */,
				956E0A941F2C6A5B00E65DF0 /* ExtUIView.swift in Sources */,
				95DD69851F278F1A0032A4C2 /* RequestBase.swift in Sources */,
				956E0AAE1F2E048100E65DF0 /* GetUserStatusRequest.swift in Sources */,
				956E0AAA1F2DE0A700E65DF0 /* GetPublishRequest.swift in Sources */,
				95DD69871F278F1A0032A4C2 /* ServerResponseBase.swift in Sources */,
				956E0AB01F2E049800E65DF0 /* GetUserStatusResponse.swift in Sources */,
				956E0A7D1F2C39C100E65DF0 /* LotteryListViewController.swift in Sources */,
				956E0AB21F2E060200E65DF0 /* GetAdverticeUrlRequest.swift in Sources */,
				95CF92261F271F2C00E71892 /* AppDelegate.swift in Sources */,
				956E0A9C1F2CE63B00E65DF0 /* LogoutRequest.swift in Sources */,
				956E0A9A1F2CE5FB00E65DF0 /* LoginRequest.swift in Sources */,
				95DD69BD1F2843510032A4C2 /* ExtDispatchQueue.swift in Sources */,
				956E0A831F2C3A1500E65DF0 /* AdverticeViewController.swift in Sources */,
				956E0A7F1F2C39C100E65DF0 /* SettingsViewController.swift in Sources */,
			);
			runOnlyForDeploymentPostprocessing = 0;
		};
/* End PBXSourcesBuildPhase section */

/* Begin PBXVariantGroup section */
		95CF92291F271F2C00E71892 /* Main.storyboard */ = {
			isa = PBXVariantGroup;
			children = (
				95CF922A1F271F2C00E71892 /* Base */,
			);
			name = Main.storyboard;
			sourceTree = "<group>";
		};
		95CF922E1F271F2C00E71892 /* LaunchScreen.storyboard */ = {
			isa = PBXVariantGroup;
			children = (
				95CF922F1F271F2C00E71892 /* Base */,
			);
			name = LaunchScreen.storyboard;
			sourceTree = "<group>";
		};
/* End PBXVariantGroup section */

/* Begin XCBuildConfiguration section */
		95CF92321F271F2C00E71892 /* Debug */ = {
			isa = XCBuildConfiguration;
			buildSettings = {
				ALWAYS_SEARCH_USER_PATHS = NO;
				CLANG_ANALYZER_NONNULL = YES;
				CLANG_ANALYZER_NUMBER_OBJECT_CONVERSION = YES_AGGRESSIVE;
				CLANG_CXX_LANGUAGE_STANDARD = "gnu++0x";
				CLANG_CXX_LIBRARY = "libc++";
				CLANG_ENABLE_MODULES = YES;
				CLANG_ENABLE_OBJC_ARC = YES;
				CLANG_WARN_BOOL_CONVERSION = YES;
				CLANG_WARN_CONSTANT_CONVERSION = YES;
				CLANG_WARN_DIRECT_OBJC_ISA_USAGE = YES_ERROR;
				CLANG_WARN_DOCUMENTATION_COMMENTS = YES;
				CLANG_WARN_EMPTY_BODY = YES;
				CLANG_WARN_ENUM_CONVERSION = YES;
				CLANG_WARN_INFINITE_RECURSION = YES;
				CLANG_WARN_INT_CONVERSION = YES;
				CLANG_WARN_OBJC_ROOT_CLASS = YES_ERROR;
				CLANG_WARN_SUSPICIOUS_MOVE = YES;
				CLANG_WARN_UNREACHABLE_CODE = YES;
				CLANG_WARN__DUPLICATE_METHOD_MATCH = YES;
				"CODE_SIGN_IDENTITY[sdk=iphoneos*]" = "iPhone Developer";
				COPY_PHASE_STRIP = NO;
				DEBUG_INFORMATION_FORMAT = dwarf;
				ENABLE_STRICT_OBJC_MSGSEND = YES;
				ENABLE_TESTABILITY = YES;
				GCC_C_LANGUAGE_STANDARD = gnu99;
				GCC_DYNAMIC_NO_PIC = NO;
				GCC_NO_COMMON_BLOCKS = YES;
				GCC_OPTIMIZATION_LEVEL = 0;
				GCC_PREPROCESSOR_DEFINITIONS = (
					"DEBUG=1",
					"$(inherited)",
				);
				GCC_WARN_64_TO_32_BIT_CONVERSION = YES;
				GCC_WARN_ABOUT_RETURN_TYPE = YES_ERROR;
				GCC_WARN_UNDECLARED_SELECTOR = YES;
				GCC_WARN_UNINITIALIZED_AUTOS = YES_AGGRESSIVE;
				GCC_WARN_UNUSED_FUNCTION = YES;
				GCC_WARN_UNUSED_VARIABLE = YES;
				IPHONEOS_DEPLOYMENT_TARGET = 10.3;
				MTL_ENABLE_DEBUG_INFO = YES;
				ONLY_ACTIVE_ARCH = YES;
				SDKROOT = iphoneos;
				SWIFT_ACTIVE_COMPILATION_CONDITIONS = DEBUG;
				SWIFT_OPTIMIZATION_LEVEL = "-Onone";
				TARGETED_DEVICE_FAMILY = "1,2";
			};
			name = Debug;
		};
		95CF92331F271F2C00E71892 /* Release */ = {
			isa = XCBuildConfiguration;
			buildSettings = {
				ALWAYS_SEARCH_USER_PATHS = NO;
				CLANG_ANALYZER_NONNULL = YES;
				CLANG_ANALYZER_NUMBER_OBJECT_CONVERSION = YES_AGGRESSIVE;
				CLANG_CXX_LANGUAGE_STANDARD = "gnu++0x";
				CLANG_CXX_LIBRARY = "libc++";
				CLANG_ENABLE_MODULES = YES;
				CLANG_ENABLE_OBJC_ARC = YES;
				CLANG_WARN_BOOL_CONVERSION = YES;
				CLANG_WARN_CONSTANT_CONVERSION = YES;
				CLANG_WARN_DIRECT_OBJC_ISA_USAGE = YES_ERROR;
				CLANG_WARN_DOCUMENTATION_COMMENTS = YES;
				CLANG_WARN_EMPTY_BODY = YES;
				CLANG_WARN_ENUM_CONVERSION = YES;
				CLANG_WARN_INFINITE_RECURSION = YES;
				CLANG_WARN_INT_CONVERSION = YES;
				CLANG_WARN_OBJC_ROOT_CLASS = YES_ERROR;
				CLANG_WARN_SUSPICIOUS_MOVE = YES;
				CLANG_WARN_UNREACHABLE_CODE = YES;
				CLANG_WARN__DUPLICATE_METHOD_MATCH = YES;
				"CODE_SIGN_IDENTITY[sdk=iphoneos*]" = "iPhone Developer";
				COPY_PHASE_STRIP = NO;
				DEBUG_INFORMATION_FORMAT = "dwarf-with-dsym";
				ENABLE_NS_ASSERTIONS = NO;
				ENABLE_STRICT_OBJC_MSGSEND = YES;
				GCC_C_LANGUAGE_STANDARD = gnu99;
				GCC_NO_COMMON_BLOCKS = YES;
				GCC_WARN_64_TO_32_BIT_CONVERSION = YES;
				GCC_WARN_ABOUT_RETURN_TYPE = YES_ERROR;
				GCC_WARN_UNDECLARED_SELECTOR = YES;
				GCC_WARN_UNINITIALIZED_AUTOS = YES_AGGRESSIVE;
				GCC_WARN_UNUSED_FUNCTION = YES;
				GCC_WARN_UNUSED_VARIABLE = YES;
				IPHONEOS_DEPLOYMENT_TARGET = 10.3;
				MTL_ENABLE_DEBUG_INFO = NO;
				SDKROOT = iphoneos;
				SWIFT_OPTIMIZATION_LEVEL = "-Owholemodule";
				TARGETED_DEVICE_FAMILY = "1,2";
				VALIDATE_PRODUCT = YES;
			};
			name = Release;
		};
		95CF92351F271F2C00E71892 /* Debug */ = {
			isa = XCBuildConfiguration;
			buildSettings = {
				ALWAYS_EMBED_SWIFT_STANDARD_LIBRARIES = YES;
				ASSETCATALOG_COMPILER_APPICON_NAME = AppIcon;
				CLANG_ENABLE_MODULES = YES;
				CODE_SIGN_ENTITLEMENTS = lotteryAides/lotteryAides.entitlements;
				DEVELOPMENT_TEAM = Y96WVCJ6BT;
				FRAMEWORK_SEARCH_PATHS = (
					"$(inherited)",
					"$(PROJECT_DIR)/Carthage/Build/iOS",
				);
				HEADER_SEARCH_PATHS = "";
				INFOPLIST_FILE = lotteryAides/Info.plist;
				IPHONEOS_DEPLOYMENT_TARGET = 9.0;
				LD_RUNPATH_SEARCH_PATHS = "$(inherited) @executable_path/Frameworks";
				LIBRARY_SEARCH_PATHS = (
					"$(inherited)",
					"$(PROJECT_DIR)/lotteryAides/lib/JPush",
				);
				PRODUCT_BUNDLE_IDENTIFIER = com.zhimin.lotteryAides;
				PRODUCT_NAME = "$(TARGET_NAME)";
				SWIFT_OBJC_BRIDGING_HEADER = "lotteryAides/lotteryAides-Bridging-Header.h";
				SWIFT_OPTIMIZATION_LEVEL = "-Onone";
				SWIFT_VERSION = 3.0;
				USER_HEADER_SEARCH_PATHS = "$(PROJECT_DIR)/lotteryAides/lib/ $(PROJECT_DIR)/lotteryAides/lib/JPush";
			};
			name = Debug;
		};
		95CF92361F271F2C00E71892 /* Release */ = {
			isa = XCBuildConfiguration;
			buildSettings = {
				ALWAYS_EMBED_SWIFT_STANDARD_LIBRARIES = YES;
				ASSETCATALOG_COMPILER_APPICON_NAME = AppIcon;
				CLANG_ENABLE_MODULES = YES;
				CODE_SIGN_ENTITLEMENTS = lotteryAides/lotteryAides.entitlements;
				DEVELOPMENT_TEAM = Y96WVCJ6BT;
				FRAMEWORK_SEARCH_PATHS = (
					"$(inherited)",
					"$(PROJECT_DIR)/Carthage/Build/iOS",
				);
				HEADER_SEARCH_PATHS = "";
				INFOPLIST_FILE = lotteryAides/Info.plist;
				IPHONEOS_DEPLOYMENT_TARGET = 9.0;
				LD_RUNPATH_SEARCH_PATHS = "$(inherited) @executable_path/Frameworks";
				LIBRARY_SEARCH_PATHS = (
					"$(inherited)",
					"$(PROJECT_DIR)/lotteryAides/lib/JPush",
				);
				PRODUCT_BUNDLE_IDENTIFIER = com.zhimin.lotteryAides;
				PRODUCT_NAME = "$(TARGET_NAME)";
				SWIFT_OBJC_BRIDGING_HEADER = "lotteryAides/lotteryAides-Bridging-Header.h";
				SWIFT_VERSION = 3.0;
				USER_HEADER_SEARCH_PATHS = "$(PROJECT_DIR)/lotteryAides/lib/ $(PROJECT_DIR)/lotteryAides/lib/JPush";
			};
			name = Release;
		};
/* End XCBuildConfiguration section */

/* Begin XCConfigurationList section */
		95CF921D1F271F2C00E71892 /* Build configuration list for PBXProject "lotteryAides" */ = {
			isa = XCConfigurationList;
			buildConfigurations = (
				95CF92321F271F2C00E71892 /* Debug */,
				95CF92331F271F2C00E71892 /* Release */,
			);
			defaultConfigurationIsVisible = 0;
			defaultConfigurationName = Release;
		};
		95CF92341F271F2C00E71892 /* Build configuration list for PBXNativeTarget "lotteryAides" */ = {
			isa = XCConfigurationList;
			buildConfigurations = (
				95CF92351F271F2C00E71892 /* Debug */,
				95CF92361F271F2C00E71892 /* Release */,
			);
			defaultConfigurationIsVisible = 0;
			defaultConfigurationName = Release;
		};
/* End XCConfigurationList section */
	};
	rootObject = 95CF921A1F271F2C00E71892 /* Project object */;
}
